
Microsoft Visual Studio Solution File, Format Version 12.00
# Visual Studio 15
Project("{FAE04EC0-301F-11D3-BF4B-00C04F79EFBC}") = "Assembly-CSharp", "Assembly-CSharp.csproj", "{BED708FC-736C-BEF7-B098-0937B5B21CB9}"
EndProject
Project("{FAE04EC0-301F-11D3-BF4B-00C04F79EFBC}") = "Assembly-CSharp-Editor", "Assembly-CSharp-Editor.csproj", "{46FDAED2-F896-42B2-9FD3-50B922E618C8}"
EndProject
Global
	GlobalSection(SolutionConfigurationPlatforms) = preSolution
		Debug|Any CPU = Debug|Any CPU
		Release|Any CPU = Release|Any CPU
	EndGlobalSection
	GlobalSection(ProjectConfigurationPlatforms) = postSolution
		{BED708FC-736C-BEF7-B098-0937B5B21CB9}.Debug|Any CPU.ActiveCfg = Debug|Any CPU
		{BED708FC-736C-BEF7-B098-0937B5B21CB9}.Debug|Any CPU.Build.0 = Debug|Any CPU
		{BED708FC-736C-BEF7-B098-0937B5B21CB9}.Release|Any CPU.ActiveCfg = Release|Any CPU
		{BED708FC-736C-BEF7-B098-0937B5B21CB9}.Release|Any CPU.Build.0 = Release|Any CPU
		{46FDAED2-F896-42B2-9FD3-50B922E618C8}.Debug|Any CPU.ActiveCfg = Debug|Any CPU
		{46FDAED2-F896-42B2-9FD3-50B922E618C8}.Debug|Any CPU.Build.0 = Debug|Any CPU
		{46FDAED2-F896-42B2-9FD3-50B922E618C8}.Release|Any CPU.ActiveCfg = Release|Any CPU
		{46FDAED2-F896-42B2-9FD3-50B922E618C8}.Release|Any CPU.Build.0 = Release|Any CPU
	EndGlobalSection
	GlobalSection(SolutionProperties) = preSolution
		HideSolutionNode = FALSE
	EndGlobalSection
EndGlobal
